
Microsoft Visual Studio Solution File, Format Version 12.00
# Visual Studio Version 16
VisualStudioVersion = 16.0.28315.86
MinimumVisualStudioVersion = 10.0.40219.1
Project("{2150E333-8FDC-42A3-9474-1A3956D46DE8}") = "Engine", "Engine", "{CC4F4538-E94E-43AD-BADC-4E51F97E07F8}"
EndProject
Project("{2150E333-8FDC-42A3-9474-1A3956D46DE8}") = "Games", "Games", "{50C4153E-ED8E-419C-86BB-97B8E510269F}"
EndProject
Project("{8BC9CEB8-8B4A-11D0-8D11-00A0C91BC942}") = "UE4", "Intermediate\ProjectFiles\UE4.vcxproj", "{1A740034-9F8F-4E2D-BDC6-E1DA9AB74D69}"
EndProject
Project("{8BC9CEB8-8B4A-11D0-8D11-00A0C91BC942}") = "DemoExplosion", "Intermediate\ProjectFiles\DemoExplosion.vcxproj", "{A0DE9199-7C8B-4F6D-9854-12049B87E780}"
EndProject
Project("{2150E333-8FDC-42A3-9474-1A3956D46DE8}") = "Visualizers", "Visualizers", "{688D1DE2-BE44-4390-B70C-1E0DFD20DC19}"
	ProjectSection(SolutionItems) = preProject
		..\..\..\..\..\..\..\Program Files\Epic Games\UE_4.22\Engine\Extras\VisualStudioDebugging\UE4.natvis = ..\..\..\..\..\..\..\Program Files\Epic Games\UE_4.22\Engine\Extras\VisualStudioDebugging\UE4.natvis
	EndProjectSection
EndProject
Global
	GlobalSection(SolutionConfigurationPlatforms) = preSolution
		DebugGame Editor|HTML5 = DebugGame Editor|HTML5
		DebugGame Editor|Win32 = DebugGame Editor|Win32
		DebugGame Editor|Win64 = DebugGame Editor|Win64
		DebugGame|HTML5 = DebugGame|HTML5
		DebugGame|Win32 = DebugGame|Win32
		DebugGame|Win64 = DebugGame|Win64
		Development Editor|HTML5 = Development Editor|HTML5
		Development Editor|Win32 = Development Editor|Win32
		Development Editor|Win64 = Development Editor|Win64
		Development|HTML5 = Development|HTML5
		Development|Win32 = Development|Win32
		Development|Win64 = Development|Win64
		Shipping|HTML5 = Shipping|HTML5
		Shipping|Win32 = Shipping|Win32
		Shipping|Win64 = Shipping|Win64
	EndGlobalSection
	GlobalSection(ProjectConfigurationPlatforms) = postSolution
		{1A740034-9F8F-4E2D-BDC6-E1DA9AB74D69}.DebugGame Editor|HTML5.ActiveCfg = BuiltWithUnrealBuildTool|Win32
		{1A740034-9F8F-4E2D-BDC6-E1DA9AB74D69}.DebugGame Editor|Win32.ActiveCfg = BuiltWithUnrealBuildTool|Win32
		{1A740034-9F8F-4E2D-BDC6-E1DA9AB74D69}.DebugGame Editor|Win64.ActiveCfg = BuiltWithUnrealBuildTool|Win32
		{1A740034-9F8F-4E2D-BDC6-E1DA9AB74D69}.DebugGame|HTML5.ActiveCfg = BuiltWithUnrealBuildTool|Win32
		{1A740034-9F8F-4E2D-BDC6-E1DA9AB74D69}.DebugGame|Win32.ActiveCfg = BuiltWithUnrealBuildTool|Win32
		{1A740034-9F8F-4E2D-BDC6-E1DA9AB74D69}.DebugGame|Win64.ActiveCfg = BuiltWithUnrealBuildTool|Win32
		{1A740034-9F8F-4E2D-BDC6-E1DA9AB74D69}.Development Editor|HTML5.ActiveCfg = BuiltWithUnrealBuildTool|Win32
		{1A740034-9F8F-4E2D-BDC6-E1DA9AB74D69}.Development Editor|Win32.ActiveCfg = BuiltWithUnrealBuildTool|Win32
		{1A740034-9F8F-4E2D-BDC6-E1DA9AB74D69}.Development Editor|Win64.ActiveCfg = BuiltWithUnrealBuildTool|Win32
		{1A740034-9F8F-4E2D-BDC6-E1DA9AB74D69}.Development|HTML5.ActiveCfg = BuiltWithUnrealBuildTool|Win32
		{1A740034-9F8F-4E2D-BDC6-E1DA9AB74D69}.Development|Win32.ActiveCfg = BuiltWithUnrealBuildTool|Win32
		{1A740034-9F8F-4E2D-BDC6-E1DA9AB74D69}.Development|Win64.ActiveCfg = BuiltWithUnrealBuildTool|Win32
		{1A740034-9F8F-4E2D-BDC6-E1DA9AB74D69}.Shipping|HTML5.ActiveCfg = BuiltWithUnrealBuildTool|Win32
		{1A740034-9F8F-4E2D-BDC6-E1DA9AB74D69}.Shipping|Win32.ActiveCfg = BuiltWithUnrealBuildTool|Win32
		{1A740034-9F8F-4E2D-BDC6-E1DA9AB74D69}.Shipping|Win64.ActiveCfg = BuiltWithUnrealBuildTool|Win32
		{A0DE9199-7C8B-4F6D-9854-12049B87E780}.DebugGame Editor|HTML5.ActiveCfg = Invalid|Win32
		{A0DE9199-7C8B-4F6D-9854-12049B87E780}.DebugGame Editor|Win32.ActiveCfg = Invalid|Win32
		{A0DE9199-7C8B-4F6D-9854-12049B87E780}.DebugGame Editor|Win64.ActiveCfg = DebugGame_Editor|x64
		{A0DE9199-7C8B-4F6D-9854-12049B87E780}.DebugGame Editor|Win64.Build.0 = DebugGame_Editor|x64
		{A0DE9199-7C8B-4F6D-9854-12049B87E780}.DebugGame|HTML5.ActiveCfg = HTML5_DebugGame|Win32
		{A0DE9199-7C8B-4F6D-9854-12049B87E780}.DebugGame|HTML5.Build.0 = HTML5_DebugGame|Win32
		{A0DE9199-7C8B-4F6D-9854-12049B87E780}.DebugGame|Win32.ActiveCfg = DebugGame|Win32
		{A0DE9199-7C8B-4F6D-9854-12049B87E780}.DebugGame|Win32.Build.0 = DebugGame|Win32
		{A0DE9199-7C8B-4F6D-9854-12049B87E780}.DebugGame|Win64.ActiveCfg = DebugGame|x64
		{A0DE9199-7C8B-4F6D-9854-12049B87E780}.DebugGame|Win64.Build.0 = DebugGame|x64
		{A0DE9199-7C8B-4F6D-9854-12049B87E780}.Development Editor|HTML5.ActiveCfg = Invalid|Win32
		{A0DE9199-7C8B-4F6D-9854-12049B87E780}.Development Editor|Win32.ActiveCfg = Invalid|Win32
		{A0DE9199-7C8B-4F6D-9854-12049B87E780}.Development Editor|Win64.ActiveCfg = Development_Editor|x64
		{A0DE9199-7C8B-4F6D-9854-12049B87E780}.Development Editor|Win64.Build.0 = Development_Editor|x64
		{A0DE9199-7C8B-4F6D-9854-12049B87E780}.Development|HTML5.ActiveCfg = HTML5_Development|Win32
		{A0DE9199-7C8B-4F6D-9854-12049B87E780}.Development|HTML5.Build.0 = HTML5_Development|Win32
		{A0DE9199-7C8B-4F6D-9854-12049B87E780}.Development|Win32.ActiveCfg = Development|Win32
		{A0DE9199-7C8B-4F6D-9854-12049B87E780}.Development|Win32.Build.0 = Development|Win32
		{A0DE9199-7C8B-4F6D-9854-12049B87E780}.Development|Win64.ActiveCfg = Development|x64
		{A0DE9199-7C8B-4F6D-9854-12049B87E780}.Development|Win64.Build.0 = Development|x64
		{A0DE9199-7C8B-4F6D-9854-12049B87E780}.Shipping|HTML5.ActiveCfg = HTML5_Shipping|Win32
		{A0DE9199-7C8B-4F6D-9854-12049B87E780}.Shipping|HTML5.Build.0 = HTML5_Shipping|Win32
		{A0DE9199-7C8B-4F6D-9854-12049B87E780}.Shipping|Win32.ActiveCfg = Shipping|Win32
		{A0DE9199-7C8B-4F6D-9854-12049B87E780}.Shipping|Win32.Build.0 = Shipping|Win32
		{A0DE9199-7C8B-4F6D-9854-12049B87E780}.Shipping|Win64.ActiveCfg = Shipping|x64
		{A0DE9199-7C8B-4F6D-9854-12049B87E780}.Shipping|Win64.Build.0 = Shipping|x64
	EndGlobalSection
	GlobalSection(SolutionProperties) = preSolution
		HideSolutionNode = FALSE
	EndGlobalSection
	GlobalSection(NestedProjects) = preSolution
		{1A740034-9F8F-4E2D-BDC6-E1DA9AB74D69} = {CC4F4538-E94E-43AD-BADC-4E51F97E07F8}
		{A0DE9199-7C8B-4F6D-9854-12049B87E780} = {50C4153E-ED8E-419C-86BB-97B8E510269F}
	EndGlobalSection
EndGlobal
